{
  "name": "body-data-validator",
  "version": "0.0.1",
  "lockfileVersion": 1,
  "requires": true,
  "dependencies": {
    "email-validator": {
      "version": "2.0.4",
      "resolved": "https://registry.npmjs.org/email-validator/-/email-validator-2.0.4.tgz",
      "integrity": "sha512-gYCwo7kh5S3IDyZPLZf6hSS0MnZT8QmJFqYvbqlDZSbwdZlY6QZWxJ4i/6UhITOJ4XzyI647Bm2MXKCLqnJ4nQ=="
    },
    "mbnumber": {
      "version": "0.1.1",
      "resolved": "https://registry.npmjs.org/mbnumber/-/mbnumber-0.1.1.tgz",
      "integrity": "sha512-clTSfGI9VEOvKaTAms1kmMkx45fMSA2/k7s8Fqh7KOIRgXOq5aG4c0dvzR2e4Da37ncLHdtpZc6xKkuBNMMOwg=="
    }
  }
}
